<?xml version="1.0" encoding="utf-8"?>
<Project ToolsVersion="4.0" xmlns="http://schemas.microsoft.com/developer/msbuild/2003">
  <ItemGroup>
    <Filter Include="Source Files">
      <UniqueIdentifier>{4FC737F1-C7A5-4376-A066-2A32D752A2FF}</UniqueIdentifier>
      <Extensions>cpp;c;cc;cxx;c++;cppm;ixx;def;odl;idl;hpj;bat;asm;asmx</Extensions>
    </Filter>
    <Filter Include="Header Files">
      <UniqueIdentifier>{93995380-89BD-4b04-88EB-625FBE52EBFB}</UniqueIdentifier>
      <Extensions>h;hh;hpp;hxx;h++;hm;inl;inc;ipp;xsd</Extensions>
    </Filter>
    <Filter Include="Resource Files">
      <UniqueIdentifier>{67DA6AB6-F800-4c08-8B7A-83BB121AAD01}</UniqueIdentifier>
      <Extensions>rc;ico;cur;bmp;dlg;rc2;rct;bin;rgs;gif;jpg;jpeg;jpe;resx;tiff;tif;png;wav;mfcribbon-ms</Extensions>
    </Filter>
    <Filter Include="ca">
      <UniqueIdentifier>{a220eac3-1f7b-46c4-aa48-afd70bddee35}</UniqueIdentifier>
    </Filter>
  </ItemGroup>
  <ItemGroup>
    <ClCompile Include="KriptografijaProjektni.cpp">
      <Filter>Source Files</Filter>
    </ClCompile>
    <ClCompile Include="botan_all.cpp">
      <Filter>Source Files</Filter>
    </ClCompile>
    <ClCompile Include="scn\scan.cpp">
      <Filter>Source Files</Filter>
    </ClCompile>
    <ClCompile Include="scn\scan_buffer.cpp">
      <Filter>Source Files</Filter>
    </ClCompile>
    <ClCompile Include="scn\scanner.cpp">
      <Filter>Source Files</Filter>
    </ClCompile>
    <ClCompile Include="scn\vscan.cpp">
      <Filter>Source Files</Filter>
    </ClCompile>
    <ClCompile Include="scn\impl\locale.cpp">
      <Filter>Source Files</Filter>
    </ClCompile>
    <ClCompile Include="scn\impl\reader\float_reader.cpp">
      <Filter>Source Files</Filter>
    </ClCompile>
    <ClCompile Include="scn\impl\reader\integer_reader.cpp">
      <Filter>Source Files</Filter>
    </ClCompile>
    <ClCompile Include="scn\impl\reader\reader.cpp">
      <Filter>Source Files</Filter>
    </ClCompile>
    <ClCompile Include="scn\impl\algorithms\find_whitespace.cpp">
      <Filter>Source Files</Filter>
    </ClCompile>
    <ClCompile Include="simdutf.cpp">
      <Filter>Source Files</Filter>
    </ClCompile>
  </ItemGroup>
  <ItemGroup>
    <ClInclude Include="botan_all.h">
      <Filter>Header Files</Filter>
    </ClInclude>
    <ClInclude Include="pkcs11.h">
      <Filter>Header Files</Filter>
    </ClInclude>
    <ClInclude Include="pkcs11f.h">
      <Filter>Header Files</Filter>
    </ClInclude>
    <ClInclude Include="pkcs11t.h">
      <Filter>Header Files</Filter>
    </ClInclude>
  </ItemGroup>
  <ItemGroup>
    <None Include="ca\crl.pem">
      <Filter>ca</Filter>
    </None>
    <None Include="ca\ca.crt">
      <Filter>ca</Filter>
    </None>
  </ItemGroup>
</Project>